
Microsoft Visual Studio Solution File, Format Version 12.00
# Visual Studio Version 17
VisualStudioVersion = 17.11.35327.3
MinimumVisualStudioVersion = 10.0.40219.1
Project("{9A19103F-16F7-4668-BE54-9A1E7A4F7556}") = "ex01", "ex01\ex01.csproj", "{19D7E4E5-1DBA-4AAD-AE00-DF9BEA1768CC}"
EndProject
Project("{9A19103F-16F7-4668-BE54-9A1E7A4F7556}") = "ex02", "ex02\ex02.csproj", "{3A546BCF-BF96-4BCD-B33C-7F7CDF579AE7}"
EndProject
Project("{9A19103F-16F7-4668-BE54-9A1E7A4F7556}") = "ex03", "ex03\ex03.csproj", "{2157C564-5D0D-44F1-9D15-3C720F3112A7}"
EndProject
Project("{9A19103F-16F7-4668-BE54-9A1E7A4F7556}") = "ex04", "ex04\ex04.csproj", "{E651B543-F556-4363-9BE2-CC6519D7751A}"
EndProject
Project("{FAE04EC0-301F-11D3-BF4B-00C04F79EFBC}") = "ex05", "ex05\ex05.csproj", "{74D94684-278D-4340-B780-1CCEB382B9B9}"
EndProject
Project("{FAE04EC0-301F-11D3-BF4B-00C04F79EFBC}") = "ex06", "ex06\ex06.csproj", "{FCD771E6-49D6-47FE-A36B-35342100C7B6}"
EndProject
Project("{FAE04EC0-301F-11D3-BF4B-00C04F79EFBC}") = "ex07", "ex07\ex07.csproj", "{01C331DD-7466-4476-8DA8-33EBD8AEB367}"
EndProject
Project("{FAE04EC0-301F-11D3-BF4B-00C04F79EFBC}") = "ex08", "ex08\ex08.csproj", "{D3C904BF-C565-4143-BA6A-BB085B1A3DF9}"
EndProject
Global
	GlobalSection(SolutionConfigurationPlatforms) = preSolution
		Debug|Any CPU = Debug|Any CPU
		Release|Any CPU = Release|Any CPU
	EndGlobalSection
	GlobalSection(ProjectConfigurationPlatforms) = postSolution
		{19D7E4E5-1DBA-4AAD-AE00-DF9BEA1768CC}.Debug|Any CPU.ActiveCfg = Debug|Any CPU
		{19D7E4E5-1DBA-4AAD-AE00-DF9BEA1768CC}.Debug|Any CPU.Build.0 = Debug|Any CPU
		{19D7E4E5-1DBA-4AAD-AE00-DF9BEA1768CC}.Release|Any CPU.ActiveCfg = Release|Any CPU
		{19D7E4E5-1DBA-4AAD-AE00-DF9BEA1768CC}.Release|Any CPU.Build.0 = Release|Any CPU
		{3A546BCF-BF96-4BCD-B33C-7F7CDF579AE7}.Debug|Any CPU.ActiveCfg = Debug|Any CPU
		{3A546BCF-BF96-4BCD-B33C-7F7CDF579AE7}.Debug|Any CPU.Build.0 = Debug|Any CPU
		{3A546BCF-BF96-4BCD-B33C-7F7CDF579AE7}.Release|Any CPU.ActiveCfg = Release|Any CPU
		{3A546BCF-BF96-4BCD-B33C-7F7CDF579AE7}.Release|Any CPU.Build.0 = Release|Any CPU
		{2157C564-5D0D-44F1-9D15-3C720F3112A7}.Debug|Any CPU.ActiveCfg = Debug|Any CPU
		{2157C564-5D0D-44F1-9D15-3C720F3112A7}.Debug|Any CPU.Build.0 = Debug|Any CPU
		{2157C564-5D0D-44F1-9D15-3C720F3112A7}.Release|Any CPU.ActiveCfg = Release|Any CPU
		{2157C564-5D0D-44F1-9D15-3C720F3112A7}.Release|Any CPU.Build.0 = Release|Any CPU
		{E651B543-F556-4363-9BE2-CC6519D7751A}.Debug|Any CPU.ActiveCfg = Debug|Any CPU
		{E651B543-F556-4363-9BE2-CC6519D7751A}.Debug|Any CPU.Build.0 = Debug|Any CPU
		{E651B543-F556-4363-9BE2-CC6519D7751A}.Release|Any CPU.ActiveCfg = Release|Any CPU
		{E651B543-F556-4363-9BE2-CC6519D7751A}.Release|Any CPU.Build.0 = Release|Any CPU
		{74D94684-278D-4340-B780-1CCEB382B9B9}.Debug|Any CPU.ActiveCfg = Debug|Any CPU
		{74D94684-278D-4340-B780-1CCEB382B9B9}.Debug|Any CPU.Build.0 = Debug|Any CPU
		{74D94684-278D-4340-B780-1CCEB382B9B9}.Release|Any CPU.ActiveCfg = Release|Any CPU
		{74D94684-278D-4340-B780-1CCEB382B9B9}.Release|Any CPU.Build.0 = Release|Any CPU
		{FCD771E6-49D6-47FE-A36B-35342100C7B6}.Debug|Any CPU.ActiveCfg = Debug|Any CPU
		{FCD771E6-49D6-47FE-A36B-35342100C7B6}.Debug|Any CPU.Build.0 = Debug|Any CPU
		{FCD771E6-49D6-47FE-A36B-35342100C7B6}.Release|Any CPU.ActiveCfg = Release|Any CPU
		{FCD771E6-49D6-47FE-A36B-35342100C7B6}.Release|Any CPU.Build.0 = Release|Any CPU
		{01C331DD-7466-4476-8DA8-33EBD8AEB367}.Debug|Any CPU.ActiveCfg = Debug|Any CPU
		{01C331DD-7466-4476-8DA8-33EBD8AEB367}.Debug|Any CPU.Build.0 = Debug|Any CPU
		{01C331DD-7466-4476-8DA8-33EBD8AEB367}.Release|Any CPU.ActiveCfg = Release|Any CPU
		{01C331DD-7466-4476-8DA8-33EBD8AEB367}.Release|Any CPU.Build.0 = Release|Any CPU
		{D3C904BF-C565-4143-BA6A-BB085B1A3DF9}.Debug|Any CPU.ActiveCfg = Debug|Any CPU
		{D3C904BF-C565-4143-BA6A-BB085B1A3DF9}.Debug|Any CPU.Build.0 = Debug|Any CPU
		{D3C904BF-C565-4143-BA6A-BB085B1A3DF9}.Release|Any CPU.ActiveCfg = Release|Any CPU
		{D3C904BF-C565-4143-BA6A-BB085B1A3DF9}.Release|Any CPU.Build.0 = Release|Any CPU
	EndGlobalSection
	GlobalSection(SolutionProperties) = preSolution
		HideSolutionNode = FALSE
	EndGlobalSection
	GlobalSection(ExtensibilityGlobals) = postSolution
		SolutionGuid = {61EC9CDC-6AEA-4554-BF04-B390BE81FCEA}
	EndGlobalSection
EndGlobal
