
Microsoft Visual Studio Solution File, Format Version 12.00
# Visual Studio Version 17
VisualStudioVersion = 17.11.35327.3
MinimumVisualStudioVersion = 10.0.40219.1
Project("{9A19103F-16F7-4668-BE54-9A1E7A4F7556}") = "ex01", "ex01\ex01.csproj", "{19D7E4E5-1DBA-4AAD-AE00-DF9BEA1768CC}"
EndProject
Project("{9A19103F-16F7-4668-BE54-9A1E7A4F7556}") = "ex02", "ex02\ex02.csproj", "{3A546BCF-BF96-4BCD-B33C-7F7CDF579AE7}"
EndProject
Project("{9A19103F-16F7-4668-BE54-9A1E7A4F7556}") = "ex03", "ex03\ex03.csproj", "{2157C564-5D0D-44F1-9D15-3C720F3112A7}"
EndProject
Project("{9A19103F-16F7-4668-BE54-9A1E7A4F7556}") = "ex04", "ex04\ex04.csproj", "{E651B543-F556-4363-9BE2-CC6519D7751A}"
EndProject
Project("{9A19103F-16F7-4668-BE54-9A1E7A4F7556}") = "ex05", "ex05\ex05.csproj", "{74D94684-278D-4340-B780-1CCEB382B9B9}"
EndProject
Project("{9A19103F-16F7-4668-BE54-9A1E7A4F7556}") = "ex06", "ex06\ex06.csproj", "{FCD771E6-49D6-47FE-A36B-35342100C7B6}"
EndProject
Project("{9A19103F-16F7-4668-BE54-9A1E7A4F7556}") = "ex07", "ex07\ex07.csproj", "{01C331DD-7466-4476-8DA8-33EBD8AEB367}"
EndProject
Project("{9A19103F-16F7-4668-BE54-9A1E7A4F7556}") = "ex08", "ex08\ex08.csproj", "{D3C904BF-C565-4143-BA6A-BB085B1A3DF9}"
EndProject
Project("{9A19103F-16F7-4668-BE54-9A1E7A4F7556}") = "ex09", "ex09\ex09.csproj", "{9102DEDD-0055-4C03-B6C7-2E018A5C1CFF}"
EndProject
Project("{9A19103F-16F7-4668-BE54-9A1E7A4F7556}") = "ex10", "ex10\ex10.csproj", "{0FE39E34-FE6D-4F58-90CB-470DD738255A}"
EndProject
Project("{FAE04EC0-301F-11D3-BF4B-00C04F79EFBC}") = "ex11", "ex11\ex11.csproj", "{7BB20178-870C-4B35-9224-8B8E3B8FC201}"
EndProject
Project("{FAE04EC0-301F-11D3-BF4B-00C04F79EFBC}") = "ex12", "ex12\ex12.csproj", "{A0F0DD20-6A1A-4E43-B11F-F093CBEA19A2}"
EndProject
Project("{FAE04EC0-301F-11D3-BF4B-00C04F79EFBC}") = "ex13a", "ex13a\ex13a.csproj", "{1ADC502B-B031-47F7-9D73-D8805DF854F8}"
EndProject
Project("{FAE04EC0-301F-11D3-BF4B-00C04F79EFBC}") = "ex14", "ex14\ex14.csproj", "{5D88CB21-E473-402E-87BC-947DBEA8A0CD}"
EndProject
Project("{FAE04EC0-301F-11D3-BF4B-00C04F79EFBC}") = "ex15", "ex15\ex15.csproj", "{30F57D02-7598-4942-AB37-0E7AE30F95B1}"
EndProject
Project("{FAE04EC0-301F-11D3-BF4B-00C04F79EFBC}") = "ex16", "ex16\ex16.csproj", "{117F04E5-45DA-4041-B279-953B923672C7}"
EndProject
Project("{FAE04EC0-301F-11D3-BF4B-00C04F79EFBC}") = "ex17", "ex17\ex17.csproj", "{FFF0E722-71C5-4B91-9742-6B52C8D82D7B}"
EndProject
Project("{FAE04EC0-301F-11D3-BF4B-00C04F79EFBC}") = "ex18", "ex18\ex18.csproj", "{FB46E33F-FEDF-4794-A975-A45DCFA1427F}"
EndProject
Project("{FAE04EC0-301F-11D3-BF4B-00C04F79EFBC}") = "ex19", "ex19\ex19.csproj", "{1003C7DF-DC3B-43C6-88A2-ECA1889525FC}"
EndProject
Project("{FAE04EC0-301F-11D3-BF4B-00C04F79EFBC}") = "ex20", "ex20\ex20.csproj", "{898364B3-DBA2-4027-AC20-A71E2897D5C8}"
EndProject
Project("{FAE04EC0-301F-11D3-BF4B-00C04F79EFBC}") = "ex21", "ex21\ex21.csproj", "{B57CF742-6249-40C8-BC19-8D30EFFA37D1}"
EndProject
Project("{FAE04EC0-301F-11D3-BF4B-00C04F79EFBC}") = "ex22", "ex22\ex22.csproj", "{7F6A721C-C1CD-4D00-A914-E99E45202B66}"
EndProject
Project("{FAE04EC0-301F-11D3-BF4B-00C04F79EFBC}") = "ex23", "ex23\ex23.csproj", "{EA9EF2BF-E746-47F2-9BD8-95138D86685A}"
EndProject
Project("{FAE04EC0-301F-11D3-BF4B-00C04F79EFBC}") = "ex24", "ex24\ex24.csproj", "{EE845487-5EA0-44EF-9DC6-45041EEDC2FC}"
EndProject
Project("{FAE04EC0-301F-11D3-BF4B-00C04F79EFBC}") = "ex25", "ex25\ex25.csproj", "{0BD2B3DE-FB08-4012-A074-E79E5AF3E119}"
EndProject
Project("{FAE04EC0-301F-11D3-BF4B-00C04F79EFBC}") = "ex26", "ex26\ex26.csproj", "{0E3B1D79-98B7-4148-91BC-A95E7B935791}"
EndProject
Project("{FAE04EC0-301F-11D3-BF4B-00C04F79EFBC}") = "ex27", "ex27\ex27.csproj", "{CE8372D6-735B-4C38-AB89-5181E77A7752}"
EndProject
Project("{FAE04EC0-301F-11D3-BF4B-00C04F79EFBC}") = "ex28", "ex28\ex28.csproj", "{BCE30DF6-A518-4EC6-BA0D-CBF861939CFF}"
EndProject
Project("{FAE04EC0-301F-11D3-BF4B-00C04F79EFBC}") = "ex29", "ex29\ex29.csproj", "{0C732CF6-979C-4B0E-9F1D-865464ABF60D}"
EndProject
Global
	GlobalSection(SolutionConfigurationPlatforms) = preSolution
		Debug|Any CPU = Debug|Any CPU
		Release|Any CPU = Release|Any CPU
	EndGlobalSection
	GlobalSection(ProjectConfigurationPlatforms) = postSolution
		{19D7E4E5-1DBA-4AAD-AE00-DF9BEA1768CC}.Debug|Any CPU.ActiveCfg = Debug|Any CPU
		{19D7E4E5-1DBA-4AAD-AE00-DF9BEA1768CC}.Debug|Any CPU.Build.0 = Debug|Any CPU
		{19D7E4E5-1DBA-4AAD-AE00-DF9BEA1768CC}.Release|Any CPU.ActiveCfg = Release|Any CPU
		{19D7E4E5-1DBA-4AAD-AE00-DF9BEA1768CC}.Release|Any CPU.Build.0 = Release|Any CPU
		{3A546BCF-BF96-4BCD-B33C-7F7CDF579AE7}.Debug|Any CPU.ActiveCfg = Debug|Any CPU
		{3A546BCF-BF96-4BCD-B33C-7F7CDF579AE7}.Debug|Any CPU.Build.0 = Debug|Any CPU
		{3A546BCF-BF96-4BCD-B33C-7F7CDF579AE7}.Release|Any CPU.ActiveCfg = Release|Any CPU
		{3A546BCF-BF96-4BCD-B33C-7F7CDF579AE7}.Release|Any CPU.Build.0 = Release|Any CPU
		{2157C564-5D0D-44F1-9D15-3C720F3112A7}.Debug|Any CPU.ActiveCfg = Debug|Any CPU
		{2157C564-5D0D-44F1-9D15-3C720F3112A7}.Debug|Any CPU.Build.0 = Debug|Any CPU
		{2157C564-5D0D-44F1-9D15-3C720F3112A7}.Release|Any CPU.ActiveCfg = Release|Any CPU
		{2157C564-5D0D-44F1-9D15-3C720F3112A7}.Release|Any CPU.Build.0 = Release|Any CPU
		{E651B543-F556-4363-9BE2-CC6519D7751A}.Debug|Any CPU.ActiveCfg = Debug|Any CPU
		{E651B543-F556-4363-9BE2-CC6519D7751A}.Debug|Any CPU.Build.0 = Debug|Any CPU
		{E651B543-F556-4363-9BE2-CC6519D7751A}.Release|Any CPU.ActiveCfg = Release|Any CPU
		{E651B543-F556-4363-9BE2-CC6519D7751A}.Release|Any CPU.Build.0 = Release|Any CPU
		{74D94684-278D-4340-B780-1CCEB382B9B9}.Debug|Any CPU.ActiveCfg = Debug|Any CPU
		{74D94684-278D-4340-B780-1CCEB382B9B9}.Debug|Any CPU.Build.0 = Debug|Any CPU
		{74D94684-278D-4340-B780-1CCEB382B9B9}.Release|Any CPU.ActiveCfg = Release|Any CPU
		{74D94684-278D-4340-B780-1CCEB382B9B9}.Release|Any CPU.Build.0 = Release|Any CPU
		{FCD771E6-49D6-47FE-A36B-35342100C7B6}.Debug|Any CPU.ActiveCfg = Debug|Any CPU
		{FCD771E6-49D6-47FE-A36B-35342100C7B6}.Debug|Any CPU.Build.0 = Debug|Any CPU
		{FCD771E6-49D6-47FE-A36B-35342100C7B6}.Release|Any CPU.ActiveCfg = Release|Any CPU
		{FCD771E6-49D6-47FE-A36B-35342100C7B6}.Release|Any CPU.Build.0 = Release|Any CPU
		{01C331DD-7466-4476-8DA8-33EBD8AEB367}.Debug|Any CPU.ActiveCfg = Debug|Any CPU
		{01C331DD-7466-4476-8DA8-33EBD8AEB367}.Debug|Any CPU.Build.0 = Debug|Any CPU
		{01C331DD-7466-4476-8DA8-33EBD8AEB367}.Release|Any CPU.ActiveCfg = Release|Any CPU
		{01C331DD-7466-4476-8DA8-33EBD8AEB367}.Release|Any CPU.Build.0 = Release|Any CPU
		{D3C904BF-C565-4143-BA6A-BB085B1A3DF9}.Debug|Any CPU.ActiveCfg = Debug|Any CPU
		{D3C904BF-C565-4143-BA6A-BB085B1A3DF9}.Debug|Any CPU.Build.0 = Debug|Any CPU
		{D3C904BF-C565-4143-BA6A-BB085B1A3DF9}.Release|Any CPU.ActiveCfg = Release|Any CPU
		{D3C904BF-C565-4143-BA6A-BB085B1A3DF9}.Release|Any CPU.Build.0 = Release|Any CPU
		{9102DEDD-0055-4C03-B6C7-2E018A5C1CFF}.Debug|Any CPU.ActiveCfg = Debug|Any CPU
		{9102DEDD-0055-4C03-B6C7-2E018A5C1CFF}.Debug|Any CPU.Build.0 = Debug|Any CPU
		{9102DEDD-0055-4C03-B6C7-2E018A5C1CFF}.Release|Any CPU.ActiveCfg = Release|Any CPU
		{9102DEDD-0055-4C03-B6C7-2E018A5C1CFF}.Release|Any CPU.Build.0 = Release|Any CPU
		{0FE39E34-FE6D-4F58-90CB-470DD738255A}.Debug|Any CPU.ActiveCfg = Debug|Any CPU
		{0FE39E34-FE6D-4F58-90CB-470DD738255A}.Debug|Any CPU.Build.0 = Debug|Any CPU
		{0FE39E34-FE6D-4F58-90CB-470DD738255A}.Release|Any CPU.ActiveCfg = Release|Any CPU
		{0FE39E34-FE6D-4F58-90CB-470DD738255A}.Release|Any CPU.Build.0 = Release|Any CPU
		{7BB20178-870C-4B35-9224-8B8E3B8FC201}.Debug|Any CPU.ActiveCfg = Debug|Any CPU
		{7BB20178-870C-4B35-9224-8B8E3B8FC201}.Debug|Any CPU.Build.0 = Debug|Any CPU
		{7BB20178-870C-4B35-9224-8B8E3B8FC201}.Release|Any CPU.ActiveCfg = Release|Any CPU
		{7BB20178-870C-4B35-9224-8B8E3B8FC201}.Release|Any CPU.Build.0 = Release|Any CPU
		{A0F0DD20-6A1A-4E43-B11F-F093CBEA19A2}.Debug|Any CPU.ActiveCfg = Debug|Any CPU
		{A0F0DD20-6A1A-4E43-B11F-F093CBEA19A2}.Debug|Any CPU.Build.0 = Debug|Any CPU
		{A0F0DD20-6A1A-4E43-B11F-F093CBEA19A2}.Release|Any CPU.ActiveCfg = Release|Any CPU
		{A0F0DD20-6A1A-4E43-B11F-F093CBEA19A2}.Release|Any CPU.Build.0 = Release|Any CPU
		{1ADC502B-B031-47F7-9D73-D8805DF854F8}.Debug|Any CPU.ActiveCfg = Debug|Any CPU
		{1ADC502B-B031-47F7-9D73-D8805DF854F8}.Debug|Any CPU.Build.0 = Debug|Any CPU
		{1ADC502B-B031-47F7-9D73-D8805DF854F8}.Release|Any CPU.ActiveCfg = Release|Any CPU
		{1ADC502B-B031-47F7-9D73-D8805DF854F8}.Release|Any CPU.Build.0 = Release|Any CPU
		{5D88CB21-E473-402E-87BC-947DBEA8A0CD}.Debug|Any CPU.ActiveCfg = Debug|Any CPU
		{5D88CB21-E473-402E-87BC-947DBEA8A0CD}.Debug|Any CPU.Build.0 = Debug|Any CPU
		{5D88CB21-E473-402E-87BC-947DBEA8A0CD}.Release|Any CPU.ActiveCfg = Release|Any CPU
		{5D88CB21-E473-402E-87BC-947DBEA8A0CD}.Release|Any CPU.Build.0 = Release|Any CPU
		{30F57D02-7598-4942-AB37-0E7AE30F95B1}.Debug|Any CPU.ActiveCfg = Debug|Any CPU
		{30F57D02-7598-4942-AB37-0E7AE30F95B1}.Debug|Any CPU.Build.0 = Debug|Any CPU
		{30F57D02-7598-4942-AB37-0E7AE30F95B1}.Release|Any CPU.ActiveCfg = Release|Any CPU
		{30F57D02-7598-4942-AB37-0E7AE30F95B1}.Release|Any CPU.Build.0 = Release|Any CPU
		{117F04E5-45DA-4041-B279-953B923672C7}.Debug|Any CPU.ActiveCfg = Debug|Any CPU
		{117F04E5-45DA-4041-B279-953B923672C7}.Debug|Any CPU.Build.0 = Debug|Any CPU
		{117F04E5-45DA-4041-B279-953B923672C7}.Release|Any CPU.ActiveCfg = Release|Any CPU
		{117F04E5-45DA-4041-B279-953B923672C7}.Release|Any CPU.Build.0 = Release|Any CPU
		{FFF0E722-71C5-4B91-9742-6B52C8D82D7B}.Debug|Any CPU.ActiveCfg = Debug|Any CPU
		{FFF0E722-71C5-4B91-9742-6B52C8D82D7B}.Debug|Any CPU.Build.0 = Debug|Any CPU
		{FFF0E722-71C5-4B91-9742-6B52C8D82D7B}.Release|Any CPU.ActiveCfg = Release|Any CPU
		{FFF0E722-71C5-4B91-9742-6B52C8D82D7B}.Release|Any CPU.Build.0 = Release|Any CPU
		{FB46E33F-FEDF-4794-A975-A45DCFA1427F}.Debug|Any CPU.ActiveCfg = Debug|Any CPU
		{FB46E33F-FEDF-4794-A975-A45DCFA1427F}.Debug|Any CPU.Build.0 = Debug|Any CPU
		{FB46E33F-FEDF-4794-A975-A45DCFA1427F}.Release|Any CPU.ActiveCfg = Release|Any CPU
		{FB46E33F-FEDF-4794-A975-A45DCFA1427F}.Release|Any CPU.Build.0 = Release|Any CPU
		{1003C7DF-DC3B-43C6-88A2-ECA1889525FC}.Debug|Any CPU.ActiveCfg = Debug|Any CPU
		{1003C7DF-DC3B-43C6-88A2-ECA1889525FC}.Debug|Any CPU.Build.0 = Debug|Any CPU
		{1003C7DF-DC3B-43C6-88A2-ECA1889525FC}.Release|Any CPU.ActiveCfg = Release|Any CPU
		{1003C7DF-DC3B-43C6-88A2-ECA1889525FC}.Release|Any CPU.Build.0 = Release|Any CPU
		{898364B3-DBA2-4027-AC20-A71E2897D5C8}.Debug|Any CPU.ActiveCfg = Debug|Any CPU
		{898364B3-DBA2-4027-AC20-A71E2897D5C8}.Debug|Any CPU.Build.0 = Debug|Any CPU
		{898364B3-DBA2-4027-AC20-A71E2897D5C8}.Release|Any CPU.ActiveCfg = Release|Any CPU
		{898364B3-DBA2-4027-AC20-A71E2897D5C8}.Release|Any CPU.Build.0 = Release|Any CPU
		{B57CF742-6249-40C8-BC19-8D30EFFA37D1}.Debug|Any CPU.ActiveCfg = Debug|Any CPU
		{B57CF742-6249-40C8-BC19-8D30EFFA37D1}.Debug|Any CPU.Build.0 = Debug|Any CPU
		{B57CF742-6249-40C8-BC19-8D30EFFA37D1}.Release|Any CPU.ActiveCfg = Release|Any CPU
		{B57CF742-6249-40C8-BC19-8D30EFFA37D1}.Release|Any CPU.Build.0 = Release|Any CPU
		{7F6A721C-C1CD-4D00-A914-E99E45202B66}.Debug|Any CPU.ActiveCfg = Debug|Any CPU
		{7F6A721C-C1CD-4D00-A914-E99E45202B66}.Debug|Any CPU.Build.0 = Debug|Any CPU
		{7F6A721C-C1CD-4D00-A914-E99E45202B66}.Release|Any CPU.ActiveCfg = Release|Any CPU
		{7F6A721C-C1CD-4D00-A914-E99E45202B66}.Release|Any CPU.Build.0 = Release|Any CPU
		{EA9EF2BF-E746-47F2-9BD8-95138D86685A}.Debug|Any CPU.ActiveCfg = Debug|Any CPU
		{EA9EF2BF-E746-47F2-9BD8-95138D86685A}.Debug|Any CPU.Build.0 = Debug|Any CPU
		{EA9EF2BF-E746-47F2-9BD8-95138D86685A}.Release|Any CPU.ActiveCfg = Release|Any CPU
		{EA9EF2BF-E746-47F2-9BD8-95138D86685A}.Release|Any CPU.Build.0 = Release|Any CPU
		{EE845487-5EA0-44EF-9DC6-45041EEDC2FC}.Debug|Any CPU.ActiveCfg = Debug|Any CPU
		{EE845487-5EA0-44EF-9DC6-45041EEDC2FC}.Debug|Any CPU.Build.0 = Debug|Any CPU
		{EE845487-5EA0-44EF-9DC6-45041EEDC2FC}.Release|Any CPU.ActiveCfg = Release|Any CPU
		{EE845487-5EA0-44EF-9DC6-45041EEDC2FC}.Release|Any CPU.Build.0 = Release|Any CPU
		{0BD2B3DE-FB08-4012-A074-E79E5AF3E119}.Debug|Any CPU.ActiveCfg = Debug|Any CPU
		{0BD2B3DE-FB08-4012-A074-E79E5AF3E119}.Debug|Any CPU.Build.0 = Debug|Any CPU
		{0BD2B3DE-FB08-4012-A074-E79E5AF3E119}.Release|Any CPU.ActiveCfg = Release|Any CPU
		{0BD2B3DE-FB08-4012-A074-E79E5AF3E119}.Release|Any CPU.Build.0 = Release|Any CPU
		{0E3B1D79-98B7-4148-91BC-A95E7B935791}.Debug|Any CPU.ActiveCfg = Debug|Any CPU
		{0E3B1D79-98B7-4148-91BC-A95E7B935791}.Debug|Any CPU.Build.0 = Debug|Any CPU
		{0E3B1D79-98B7-4148-91BC-A95E7B935791}.Release|Any CPU.ActiveCfg = Release|Any CPU
		{0E3B1D79-98B7-4148-91BC-A95E7B935791}.Release|Any CPU.Build.0 = Release|Any CPU
		{CE8372D6-735B-4C38-AB89-5181E77A7752}.Debug|Any CPU.ActiveCfg = Debug|Any CPU
		{CE8372D6-735B-4C38-AB89-5181E77A7752}.Debug|Any CPU.Build.0 = Debug|Any CPU
		{CE8372D6-735B-4C38-AB89-5181E77A7752}.Release|Any CPU.ActiveCfg = Release|Any CPU
		{CE8372D6-735B-4C38-AB89-5181E77A7752}.Release|Any CPU.Build.0 = Release|Any CPU
		{BCE30DF6-A518-4EC6-BA0D-CBF861939CFF}.Debug|Any CPU.ActiveCfg = Debug|Any CPU
		{BCE30DF6-A518-4EC6-BA0D-CBF861939CFF}.Debug|Any CPU.Build.0 = Debug|Any CPU
		{BCE30DF6-A518-4EC6-BA0D-CBF861939CFF}.Release|Any CPU.ActiveCfg = Release|Any CPU
		{BCE30DF6-A518-4EC6-BA0D-CBF861939CFF}.Release|Any CPU.Build.0 = Release|Any CPU
		{0C732CF6-979C-4B0E-9F1D-865464ABF60D}.Debug|Any CPU.ActiveCfg = Debug|Any CPU
		{0C732CF6-979C-4B0E-9F1D-865464ABF60D}.Debug|Any CPU.Build.0 = Debug|Any CPU
		{0C732CF6-979C-4B0E-9F1D-865464ABF60D}.Release|Any CPU.ActiveCfg = Release|Any CPU
		{0C732CF6-979C-4B0E-9F1D-865464ABF60D}.Release|Any CPU.Build.0 = Release|Any CPU
	EndGlobalSection
	GlobalSection(SolutionProperties) = preSolution
		HideSolutionNode = FALSE
	EndGlobalSection
	GlobalSection(ExtensibilityGlobals) = postSolution
		SolutionGuid = {61EC9CDC-6AEA-4554-BF04-B390BE81FCEA}
	EndGlobalSection
EndGlobal
